
Microsoft Visual Studio Solution File, Format Version 12.00
# Visual Studio 14
VisualStudioVersion = 14.0.25420.1
MinimumVisualStudioVersion = 10.0.40219.1
Project("{F2A71F9B-5D33-465A-A702-920D77279786}") = "SharpDataTests", "SharpDataTests.fsproj", "{F8C9E22E-AEFD-4492-ACBA-D95D7EABD244}"
EndProject
Project("{F2A71F9B-5D33-465A-A702-920D77279786}") = "SharpData", "..\src\SharpData.fsproj", "{A932A025-57E1-450D-B2C8-1CBE0D10FA45}"
EndProject
Global
	GlobalSection(SolutionConfigurationPlatforms) = preSolution
		Debug|Any CPU = Debug|Any CPU
		Release|Any CPU = Release|Any CPU
	EndGlobalSection
	GlobalSection(ProjectConfigurationPlatforms) = postSolution
		{F8C9E22E-AEFD-4492-ACBA-D95D7EABD244}.Debug|Any CPU.ActiveCfg = Debug|Any CPU
		{F8C9E22E-AEFD-4492-ACBA-D95D7EABD244}.Debug|Any CPU.Build.0 = Debug|Any CPU
		{F8C9E22E-AEFD-4492-ACBA-D95D7EABD244}.Release|Any CPU.ActiveCfg = Release|Any CPU
		{F8C9E22E-AEFD-4492-ACBA-D95D7EABD244}.Release|Any CPU.Build.0 = Release|Any CPU
		{A932A025-57E1-450D-B2C8-1CBE0D10FA45}.Debug|Any CPU.ActiveCfg = Debug|Any CPU
		{A932A025-57E1-450D-B2C8-1CBE0D10FA45}.Debug|Any CPU.Build.0 = Debug|Any CPU
		{A932A025-57E1-450D-B2C8-1CBE0D10FA45}.Release|Any CPU.ActiveCfg = Release|Any CPU
		{A932A025-57E1-450D-B2C8-1CBE0D10FA45}.Release|Any CPU.Build.0 = Release|Any CPU
	EndGlobalSection
	GlobalSection(SolutionProperties) = preSolution
		HideSolutionNode = FALSE
	EndGlobalSection
EndGlobal
